
Microsoft Visual Studio Solution File, Format Version 12.00
# Visual Studio Version 17
VisualStudioVersion = 17.0.32014.148
MinimumVisualStudioVersion = 10.0.40219.1
Project("{FAE04EC0-301F-11D3-BF4B-00C04F79EFBC}") = "Hospital_Project", "Hospital_Project\Hospital_Project.csproj", "{60072550-2574-478C-88F0-7BCE2A095BBB}"
EndProject
Global
	GlobalSection(SolutionConfigurationPlatforms) = preSolution
		Debug|Any CPU = Debug|Any CPU
		Release|Any CPU = Release|Any CPU
	EndGlobalSection
	GlobalSection(ProjectConfigurationPlatforms) = postSolution
		{60072550-2574-478C-88F0-7BCE2A095BBB}.Debug|Any CPU.ActiveCfg = Debug|Any CPU
		{60072550-2574-478C-88F0-7BCE2A095BBB}.Debug|Any CPU.Build.0 = Debug|Any CPU
		{60072550-2574-478C-88F0-7BCE2A095BBB}.Release|Any CPU.ActiveCfg = Release|Any CPU
		{60072550-2574-478C-88F0-7BCE2A095BBB}.Release|Any CPU.Build.0 = Release|Any CPU
	EndGlobalSection
	GlobalSection(SolutionProperties) = preSolution
		HideSolutionNode = FALSE
	EndGlobalSection
	GlobalSection(ExtensibilityGlobals) = postSolution
		SolutionGuid = {B60819C1-90EB-4634-B518-F5084B26D62F}
	EndGlobalSection
EndGlobal
